// !$*UTF8*$!
{
	archiveVersion = 1;
	classes = {
	};
	objectVersion = 46;
	objects = {

/* Begin PBXBuildFile section */
		09019C901C1A1C33004D0A5D /* main.m in Sources */ = {isa = PBXBuildFile; fileRef = 09019C8F1C1A1C33004D0A5D /* main.m */; };
		09019C931C1A1C33004D0A5D /* AppDelegate.m in Sources */ = {isa = PBXBuildFile; fileRef = 09019C921C1A1C33004D0A5D /* AppDelegate.m */; };
		09019C961C1A1C33004D0A5D /* ViewController.m in Sources */ = {isa = PBXBuildFile; fileRef = 09019C951C1A1C33004D0A5D /* ViewController.m */; };
		09019C9E1C1A1C33004D0A5D /* LaunchScreen.storyboard in Resources */ = {isa = PBXBuildFile; fileRef = 09019C9C1C1A1C33004D0A5D /* LaunchScreen.storyboard */; };
		09019CC01C1A281D004D0A5D /* MMNumberKeyboard.m in Sources */ = {isa = PBXBuildFile; fileRef = 09019CBF1C1A281D004D0A5D /* MMNumberKeyboard.m */; };
		09019CC81C1A2831004D0A5D /* MMNumberKeyboardDeleteKey.png in Resources */ = {isa = PBXBuildFile; fileRef = 09019CC21C1A2831004D0A5D /* MMNumberKeyboardDeleteKey.png */; };
		09019CC91C1A2831004D0A5D /* MMNumberKeyboardDeleteKey@2x.png in Resources */ = {isa = PBXBuildFile; fileRef = 09019CC31C1A2831004D0A5D /* MMNumberKeyboardDeleteKey@2x.png */; };
		09019CCA1C1A2831004D0A5D /* MMNumberKeyboardDeleteKey@3x.png in Resources */ = {isa = PBXBuildFile; fileRef = 09019CC41C1A2831004D0A5D /* MMNumberKeyboardDeleteKey@3x.png */; };
		09019CCB1C1A2831004D0A5D /* MMNumberKeyboardDismissKey.png in Resources */ = {isa = PBXBuildFile; fileRef = 09019CC51C1A2831004D0A5D /* MMNumberKeyboardDismissKey.png */; };
		09019CCC1C1A2831004D0A5D /* MMNumberKeyboardDismissKey@2x.png in Resources */ = {isa = PBXBuildFile; fileRef = 09019CC61C1A2831004D0A5D /* MMNumberKeyboardDismissKey@2x.png */; };
		09019CCD1C1A2831004D0A5D /* MMNumberKeyboardDismissKey@3x.png in Resources */ = {isa = PBXBuildFile; fileRef = 09019CC71C1A2831004D0A5D /* MMNumberKeyboardDismissKey@3x.png */; };
		09752ECD2031EDA5008E3D92 /* MMKeyboardButton.m in Sources */ = {isa = PBXBuildFile; fileRef = 09752ECC2031EDA5008E3D92 /* MMKeyboardButton.m */; };
		09E19C8C20332AC800091E14 /* MMTextInputDelegateProxy.m in Sources */ = {isa = PBXBuildFile; fileRef = 09E19C8B20332AC800091E14 /* MMTextInputDelegateProxy.m */; };
/* End PBXBuildFile section */

/* Begin PBXFileReference section */
		09019C8B1C1A1C33004D0A5D /* MMNumberKeyboard.app */ = {isa = PBXFileReference; explicitFileType = wrapper.application; includeInIndex = 0; path = MMNumberKeyboard.app; sourceTree = BUILT_PRODUCTS_DIR; };
		09019C8F1C1A1C33004D0A5D /* main.m */ = {isa = PBXFileReference; lastKnownFileType = sourcecode.c.objc; name = main.m; path = ../Demo/main.m; sourceTree = "<group>"; };
		09019C911C1A1C33004D0A5D /* AppDelegate.h */ = {isa = PBXFileReference; lastKnownFileType = sourcecode.c.h; path = AppDelegate.h; sourceTree = "<group>"; };
		09019C921C1A1C33004D0A5D /* AppDelegate.m */ = {isa = PBXFileReference; lastKnownFileType = sourcecode.c.objc; path = AppDelegate.m; sourceTree = "<group>"; };
		09019C941C1A1C33004D0A5D /* ViewController.h */ = {isa = PBXFileReference; lastKnownFileType = sourcecode.c.h; path = ViewController.h; sourceTree = "<group>"; };
		09019C951C1A1C33004D0A5D /* ViewController.m */ = {isa = PBXFileReference; lastKnownFileType = sourcecode.c.objc; path = ViewController.m; sourceTree = "<group>"; };
		09019C9D1C1A1C33004D0A5D /* Base */ = {isa = PBXFileReference; lastKnownFileType = file.storyboard; name = Base; path = Base.lproj/LaunchScreen.storyboard; sourceTree = "<group>"; };
		09019C9F1C1A1C33004D0A5D /* Info.plist */ = {isa = PBXFileReference; lastKnownFileType = text.plist.xml; path = Info.plist; sourceTree = "<group>"; };
		09019CBE1C1A281D004D0A5D /* MMNumberKeyboard.h */ = {isa = PBXFileReference; fileEncoding = 4; lastKnownFileType = sourcecode.c.h; path = MMNumberKeyboard.h; sourceTree = "<group>"; };
		09019CBF1C1A281D004D0A5D /* MMNumberKeyboard.m */ = {isa = PBXFileReference; fileEncoding = 4; lastKnownFileType = sourcecode.c.objc; path = MMNumberKeyboard.m; sourceTree = "<group>"; };
		09019CC21C1A2831004D0A5D /* MMNumberKeyboardDeleteKey.png */ = {isa = PBXFileReference; lastKnownFileType = image.png; path = MMNumberKeyboardDeleteKey.png; sourceTree = "<group>"; };
		09019CC31C1A2831004D0A5D /* MMNumberKeyboardDeleteKey@2x.png */ = {isa = PBXFileReference; lastKnownFileType = image.png; path = "MMNumberKeyboardDeleteKey@2x.png"; sourceTree = "<group>"; };
		09019CC41C1A2831004D0A5D /* MMNumberKeyboardDeleteKey@3x.png */ = {isa = PBXFileReference; lastKnownFileType = image.png; path = "MMNumberKeyboardDeleteKey@3x.png"; sourceTree = "<group>"; };
		09019CC51C1A2831004D0A5D /* MMNumberKeyboardDismissKey.png */ = {isa = PBXFileReference; lastKnownFileType = image.png; path = MMNumberKeyboardDismissKey.png; sourceTree = "<group>"; };
		09019CC61C1A2831004D0A5D /* MMNumberKeyboardDismissKey@2x.png */ = {isa = PBXFileReference; lastKnownFileType = image.png; path = "MMNumberKeyboardDismissKey@2x.png"; sourceTree = "<group>"; };
		09019CC71C1A2831004D0A5D /* MMNumberKeyboardDismissKey@3x.png */ = {isa = PBXFileReference; lastKnownFileType = image.png; path = "MMNumberKeyboardDismissKey@3x.png"; sourceTree = "<group>"; };
		09752ECB2031EDA5008E3D92 /* MMKeyboardButton.h */ = {isa = PBXFileReference; lastKnownFileType = sourcecode.c.h; path = MMKeyboardButton.h; sourceTree = "<group>"; };
		09752ECC2031EDA5008E3D92 /* MMKeyboardButton.m */ = {isa = PBXFileReference; lastKnownFileType = sourcecode.c.objc; path = MMKeyboardButton.m; sourceTree = "<group>"; };
		09E19C8A20332AC800091E14 /* MMTextInputDelegateProxy.h */ = {isa = PBXFileReference; lastKnownFileType = sourcecode.c.h; path = MMTextInputDelegateProxy.h; sourceTree = "<group>"; };
		09E19C8B20332AC800091E14 /* MMTextInputDelegateProxy.m */ = {isa = PBXFileReference; lastKnownFileType = sourcecode.c.objc; path = MMTextInputDelegateProxy.m; sourceTree = "<group>"; };
/* End PBXFileReference section */

/* Begin PBXFrameworksBuildPhase section */
		09019C881C1A1C33004D0A5D /* Frameworks */ = {
			isa = PBXFrameworksBuildPhase;
			buildActionMask = 2147483647;
			files = (
			);
			runOnlyForDeploymentPostprocessing = 0;
		};
/* End PBXFrameworksBuildPhase section */

/* Begin PBXGroup section */
		09019C821C1A1C33004D0A5D = {
			isa = PBXGroup;
			children = (
				09019CBD1C1A2812004D0A5D /* Classes */,
				09019CC11C1A2827004D0A5D /* Images */,
				09019C8D1C1A1C33004D0A5D /* Demo */,
				09019C8C1C1A1C33004D0A5D /* Products */,
			);
			sourceTree = "<group>";
		};
		09019C8C1C1A1C33004D0A5D /* Products */ = {
			isa = PBXGroup;
			children = (
				09019C8B1C1A1C33004D0A5D /* MMNumberKeyboard.app */,
			);
			name = Products;
			sourceTree = "<group>";
		};
		09019C8D1C1A1C33004D0A5D /* Demo */ = {
			isa = PBXGroup;
			children = (
				09019C911C1A1C33004D0A5D /* AppDelegate.h */,
				09019C921C1A1C33004D0A5D /* AppDelegate.m */,
				09019C941C1A1C33004D0A5D /* ViewController.h */,
				09019C951C1A1C33004D0A5D /* ViewController.m */,
				09019C9C1C1A1C33004D0A5D /* LaunchScreen.storyboard */,
				09019C8E1C1A1C33004D0A5D /* Supporting Files */,
			);
			path = Demo;
			sourceTree = "<group>";
		};
		09019C8E1C1A1C33004D0A5D /* Supporting Files */ = {
			isa = PBXGroup;
			children = (
				09019C9F1C1A1C33004D0A5D /* Info.plist */,
				09019C8F1C1A1C33004D0A5D /* main.m */,
			);
			name = "Supporting Files";
			sourceTree = "<group>";
		};
		09019CBD1C1A2812004D0A5D /* Classes */ = {
			isa = PBXGroup;
			children = (
				09019CBE1C1A281D004D0A5D /* MMNumberKeyboard.h */,
				09019CBF1C1A281D004D0A5D /* MMNumberKeyboard.m */,
				09752ECB2031EDA5008E3D92 /* MMKeyboardButton.h */,
				09752ECC2031EDA5008E3D92 /* MMKeyboardButton.m */,
				09E19C8A20332AC800091E14 /* MMTextInputDelegateProxy.h */,
				09E19C8B20332AC800091E14 /* MMTextInputDelegateProxy.m */,
			);
			path = Classes;
			sourceTree = SOURCE_ROOT;
		};
		09019CC11C1A2827004D0A5D /* Images */ = {
			isa = PBXGroup;
			children = (
				09019CC21C1A2831004D0A5D /* MMNumberKeyboardDeleteKey.png */,
				09019CC31C1A2831004D0A5D /* MMNumberKeyboardDeleteKey@2x.png */,
				09019CC41C1A2831004D0A5D /* MMNumberKeyboardDeleteKey@3x.png */,
				09019CC51C1A2831004D0A5D /* MMNumberKeyboardDismissKey.png */,
				09019CC61C1A2831004D0A5D /* MMNumberKeyboardDismissKey@2x.png */,
				09019CC71C1A2831004D0A5D /* MMNumberKeyboardDismissKey@3x.png */,
			);
			path = Images;
			sourceTree = SOURCE_ROOT;
		};
/* End PBXGroup section */

/* Begin PBXNativeTarget section */
		09019C8A1C1A1C33004D0A5D /* MMNumberKeyboard */ = {
			isa = PBXNativeTarget;
			buildConfigurationList = 09019CA21C1A1C33004D0A5D /* Build configuration list for PBXNativeTarget "MMNumberKeyboard" */;
			buildPhases = (
				09019C871C1A1C33004D0A5D /* Sources */,
				09019C881C1A1C33004D0A5D /* Frameworks */,
				09019C891C1A1C33004D0A5D /* Resources */,
			);
			buildRules = (
			);
			dependencies = (
			);
			name = MMNumberKeyboard;
			productName = MMNumberKeyboard;
			productReference = 09019C8B1C1A1C33004D0A5D /* MMNumberKeyboard.app */;
			productType = "com.apple.product-type.application";
		};
/* End PBXNativeTarget section */

/* Begin PBXProject section */
		09019C831C1A1C33004D0A5D /* Project object */ = {
			isa = PBXProject;
			attributes = {
				LastUpgradeCheck = 0710;
				ORGANIZATIONNAME = "Matías Martínez";
				TargetAttributes = {
					09019C8A1C1A1C33004D0A5D = {
						CreatedOnToolsVersion = 7.1.1;
					};
				};
			};
			buildConfigurationList = 09019C861C1A1C33004D0A5D /* Build configuration list for PBXProject "Demo" */;
			compatibilityVersion = "Xcode 3.2";
			developmentRegion = English;
			hasScannedForEncodings = 0;
			knownRegions = (
				en,
				Base,
			);
			mainGroup = 09019C821C1A1C33004D0A5D;
			productRefGroup = 09019C8C1C1A1C33004D0A5D /* Products */;
			projectDirPath = "";
			projectRoot = "";
			targets = (
				09019C8A1C1A1C33004D0A5D /* MMNumberKeyboard */,
			);
		};
/* End PBXProject section */

/* Begin PBXResourcesBuildPhase section */
		09019C891C1A1C33004D0A5D /* Resources */ = {
			isa = PBXResourcesBuildPhase;
			buildActionMask = 2147483647;
			files = (
				09019CCA1C1A2831004D0A5D /* MMNumberKeyboardDeleteKey@3x.png in Resources */,
				09019CC81C1A2831004D0A5D /* MMNumberKeyboardDeleteKey.png in Resources */,
				09019CCB1C1A2831004D0A5D /* MMNumberKeyboardDismissKey.png in Resources */,
				09019CCC1C1A2831004D0A5D /* MMNumberKeyboardDismissKey@2x.png in Resources */,
				09019CC91C1A2831004D0A5D /* MMNumberKeyboardDeleteKey@2x.png in Resources */,
				09019CCD1C1A2831004D0A5D /* MMNumberKeyboardDismissKey@3x.png in Resources */,
				09019C9E1C1A1C33004D0A5D /* LaunchScreen.storyboard in Resources */,
			);
			runOnlyForDeploymentPostprocessing = 0;
		};
/* End PBXResourcesBuildPhase section */

/* Begin PBXSourcesBuildPhase section */
		09019C871C1A1C33004D0A5D /* Sources */ = {
			isa = PBXSourcesBuildPhase;
			buildActionMask = 2147483647;
			files = (
				09019C961C1A1C33004D0A5D /* ViewController.m in Sources */,
				09019CC01C1A281D004D0A5D /* MMNumberKeyboard.m in Sources */,
				09019C931C1A1C33004D0A5D /* AppDelegate.m in Sources */,
				09E19C8C20332AC800091E14 /* MMTextInputDelegateProxy.m in Sources */,
				09752ECD2031EDA5008E3D92 /* MMKeyboardButton.m in Sources */,
				09019C901C1A1C33004D0A5D /* main.m in Sources */,
			);
			runOnlyForDeploymentPostprocessing = 0;
		};
/* End PBXSourcesBuildPhase section */

/* Begin PBXVariantGroup section */
		09019C9C1C1A1C33004D0A5D /* LaunchScreen.storyboard */ = {
			isa = PBXVariantGroup;
			children = (
				09019C9D1C1A1C33004D0A5D /* Base */,
			);
			name = LaunchScreen.storyboard;
			path = Demo;
			sourceTree = SOURCE_ROOT;
		};
/* End PBXVariantGroup section */

/* Begin XCBuildConfiguration section */
		09019CA01C1A1C33004D0A5D /* Debug */ = {
			isa = XCBuildConfiguration;
			buildSettings = {
				ALWAYS_SEARCH_USER_PATHS = NO;
				CLANG_CXX_LANGUAGE_STANDARD = "gnu++0x";
				CLANG_CXX_LIBRARY = "libc++";
				CLANG_ENABLE_MODULES = YES;
				CLANG_ENABLE_OBJC_ARC = YES;
				CLANG_WARN_BOOL_CONVERSION = YES;
				CLANG_WARN_CONSTANT_CONVERSION = YES;
				CLANG_WARN_DIRECT_OBJC_ISA_USAGE = YES_ERROR;
				CLANG_WARN_EMPTY_BODY = YES;
				CLANG_WARN_ENUM_CONVERSION = YES;
				CLANG_WARN_INT_CONVERSION = YES;
				CLANG_WARN_OBJC_ROOT_CLASS = YES_ERROR;
				CLANG_WARN_UNREACHABLE_CODE = YES;
				CLANG_WARN__DUPLICATE_METHOD_MATCH = YES;
				"CODE_SIGN_IDENTITY[sdk=iphoneos*]" = "iPhone Developer";
				COPY_PHASE_STRIP = NO;
				DEBUG_INFORMATION_FORMAT = dwarf;
				ENABLE_STRICT_OBJC_MSGSEND = YES;
				ENABLE_TESTABILITY = YES;
				GCC_C_LANGUAGE_STANDARD = gnu99;
				GCC_DYNAMIC_NO_PIC = NO;
				GCC_NO_COMMON_BLOCKS = YES;
				GCC_OPTIMIZATION_LEVEL = 0;
				GCC_PREPROCESSOR_DEFINITIONS = (
					"DEBUG=1",
					"$(inherited)",
				);
				GCC_WARN_64_TO_32_BIT_CONVERSION = YES;
				GCC_WARN_ABOUT_RETURN_TYPE = YES_ERROR;
				GCC_WARN_UNDECLARED_SELECTOR = YES;
				GCC_WARN_UNINITIALIZED_AUTOS = YES_AGGRESSIVE;
				GCC_WARN_UNUSED_FUNCTION = YES;
				GCC_WARN_UNUSED_VARIABLE = YES;
				IPHONEOS_DEPLOYMENT_TARGET = 9.1;
				MTL_ENABLE_DEBUG_INFO = YES;
				ONLY_ACTIVE_ARCH = YES;
				SDKROOT = iphoneos;
				TARGETED_DEVICE_FAMILY = "1,2";
			};
			name = Debug;
		};
		09019CA11C1A1C33004D0A5D /* Release */ = {
			isa = XCBuildConfiguration;
			buildSettings = {
				ALWAYS_SEARCH_USER_PATHS = NO;
				CLANG_CXX_LANGUAGE_STANDARD = "gnu++0x";
				CLANG_CXX_LIBRARY = "libc++";
				CLANG_ENABLE_MODULES = YES;
				CLANG_ENABLE_OBJC_ARC = YES;
				CLANG_WARN_BOOL_CONVERSION = YES;
				CLANG_WARN_CONSTANT_CONVERSION = YES;
				CLANG_WARN_DIRECT_OBJC_ISA_USAGE = YES_ERROR;
				CLANG_WARN_EMPTY_BODY = YES;
				CLANG_WARN_ENUM_CONVERSION = YES;
				CLANG_WARN_INT_CONVERSION = YES;
				CLANG_WARN_OBJC_ROOT_CLASS = YES_ERROR;
				CLANG_WARN_UNREACHABLE_CODE = YES;
				CLANG_WARN__DUPLICATE_METHOD_MATCH = YES;
				"CODE_SIGN_IDENTITY[sdk=iphoneos*]" = "iPhone Developer";
				COPY_PHASE_STRIP = NO;
				DEBUG_INFORMATION_FORMAT = "dwarf-with-dsym";
				ENABLE_NS_ASSERTIONS = NO;
				ENABLE_STRICT_OBJC_MSGSEND = YES;
				GCC_C_LANGUAGE_STANDARD = gnu99;
				GCC_NO_COMMON_BLOCKS = YES;
				GCC_WARN_64_TO_32_BIT_CONVERSION = YES;
				GCC_WARN_ABOUT_RETURN_TYPE = YES_ERROR;
				GCC_WARN_UNDECLARED_SELECTOR = YES;
				GCC_WARN_UNINITIALIZED_AUTOS = YES_AGGRESSIVE;
				GCC_WARN_UNUSED_FUNCTION = YES;
				GCC_WARN_UNUSED_VARIABLE = YES;
				IPHONEOS_DEPLOYMENT_TARGET = 9.1;
				MTL_ENABLE_DEBUG_INFO = NO;
				SDKROOT = iphoneos;
				TARGETED_DEVICE_FAMILY = "1,2";
				VALIDATE_PRODUCT = YES;
			};
			name = Release;
		};
		09019CA31C1A1C33004D0A5D /* Debug */ = {
			isa = XCBuildConfiguration;
			buildSettings = {
				ASSETCATALOG_COMPILER_APPICON_NAME = AppIcon;
				INFOPLIST_FILE = "$(SRCROOT)/Demo/Info.plist";
				IPHONEOS_DEPLOYMENT_TARGET = 7.0;
				LD_RUNPATH_SEARCH_PATHS = "$(inherited) @executable_path/Frameworks";
				PRODUCT_BUNDLE_IDENTIFIER = net.MatMartinez.MMNumberKeyboard;
				PRODUCT_NAME = "$(TARGET_NAME)";
			};
			name = Debug;
		};
		09019CA41C1A1C33004D0A5D /* Release */ = {
			isa = XCBuildConfiguration;
			buildSettings = {
				ASSETCATALOG_COMPILER_APPICON_NAME = AppIcon;
				INFOPLIST_FILE = "$(SRCROOT)/Demo/Info.plist";
				IPHONEOS_DEPLOYMENT_TARGET = 7.0;
				LD_RUNPATH_SEARCH_PATHS = "$(inherited) @executable_path/Frameworks";
				PRODUCT_BUNDLE_IDENTIFIER = net.MatMartinez.MMNumberKeyboard;
				PRODUCT_NAME = "$(TARGET_NAME)";
			};
			name = Release;
		};
/* End XCBuildConfiguration section */

/* Begin XCConfigurationList section */
		09019C861C1A1C33004D0A5D /* Build configuration list for PBXProject "Demo" */ = {
			isa = XCConfigurationList;
			buildConfigurations = (
				09019CA01C1A1C33004D0A5D /* Debug */,
				09019CA11C1A1C33004D0A5D /* Release */,
			);
			defaultConfigurationIsVisible = 0;
			defaultConfigurationName = Release;
		};
		09019CA21C1A1C33004D0A5D /* Build configuration list for PBXNativeTarget "MMNumberKeyboard" */ = {
			isa = XCConfigurationList;
			buildConfigurations = (
				09019CA31C1A1C33004D0A5D /* Debug */,
				09019CA41C1A1C33004D0A5D /* Release */,
			);
			defaultConfigurationIsVisible = 0;
			defaultConfigurationName = Release;
		};
/* End XCConfigurationList section */
	};
	rootObject = 09019C831C1A1C33004D0A5D /* Project object */;
}
