// !$*UTF8*$!
{
	archiveVersion = 1;
	classes = {
	};
	objectVersion = 46;
	objects = {

/* Begin PBXBuildFile section */
		09019C901C1A1C33004D0A5D /* main.m in Sources */ = {isa = PBXBuildFile; fileRef = 09019C8F1C1A1C33004D0A5D /* main.m */; };
		09019C931C1A1C33004D0A5D /* AppDelegate.m in Sources */ = {isa = PBXBuildFile; fileRef = 09019C921C1A1C33004D0A5D /* AppDelegate.m */; };
		09019C961C1A1C33004D0A5D /* ViewController.m in Sources */ = {isa = PBXBuildFile; fileRef = 09019C951C1A1C33004D0A5D /* ViewController.m */; };
		09019C991C1A1C33004D0A5D /* Main.storyboard in Resources */ = {isa = PBXBuildFile; fileRef = 09019C971C1A1C33004D0A5D /* Main.storyboard */; };
		09019C9B1C1A1C33004D0A5D /* Assets.xcassets in Resources */ = {isa = PBXBuildFile; fileRef = 09019C9A1C1A1C33004D0A5D /* Assets.xcassets */; };
		09019C9E1C1A1C33004D0A5D /* LaunchScreen.storyboard in Resources */ = {isa = PBXBuildFile; fileRef = 09019C9C1C1A1C33004D0A5D /* LaunchScreen.storyboard */; };
/* End PBXBuildFile section */

/* Begin PBXFileReference section */
		09019C8B1C1A1C33004D0A5D /* MMNumberKeyboard.app */ = {isa = PBXFileReference; explicitFileType = wrapper.application; includeInIndex = 0; path = MMNumberKeyboard.app; sourceTree = BUILT_PRODUCTS_DIR; };
		09019C8F1C1A1C33004D0A5D /* main.m */ = {isa = PBXFileReference; lastKnownFileType = sourcecode.c.objc; path = main.m; sourceTree = "<group>"; };
		09019C911C1A1C33004D0A5D /* AppDelegate.h */ = {isa = PBXFileReference; lastKnownFileType = sourcecode.c.h; path = AppDelegate.h; sourceTree = "<group>"; };
		09019C921C1A1C33004D0A5D /* AppDelegate.m */ = {isa = PBXFileReference; lastKnownFileType = sourcecode.c.objc; path = AppDelegate.m; sourceTree = "<group>"; };
		09019C941C1A1C33004D0A5D /* ViewController.h */ = {isa = PBXFileReference; lastKnownFileType = sourcecode.c.h; path = ViewController.h; sourceTree = "<group>"; };
		09019C951C1A1C33004D0A5D /* ViewController.m */ = {isa = PBXFileReference; lastKnownFileType = sourcecode.c.objc; path = ViewController.m; sourceTree = "<group>"; };
		09019C981C1A1C33004D0A5D /* Base */ = {isa = PBXFileReference; lastKnownFileType = file.storyboard; name = Base; path = Base.lproj/Main.storyboard; sourceTree = "<group>"; };
		09019C9A1C1A1C33004D0A5D /* Assets.xcassets */ = {isa = PBXFileReference; lastKnownFileType = folder.assetcatalog; path = Assets.xcassets; sourceTree = "<group>"; };
		09019C9D1C1A1C33004D0A5D /* Base */ = {isa = PBXFileReference; lastKnownFileType = file.storyboard; name = Base; path = Base.lproj/LaunchScreen.storyboard; sourceTree = "<group>"; };
		09019C9F1C1A1C33004D0A5D /* Info.plist */ = {isa = PBXFileReference; lastKnownFileType = text.plist.xml; path = Info.plist; sourceTree = "<group>"; };
/* End PBXFileReference section */

/* Begin PBXFrameworksBuildPhase section */
		09019C881C1A1C33004D0A5D /* Frameworks */ = {
			isa = PBXFrameworksBuildPhase;
			buildActionMask = 2147483647;
			files = (
			);
			runOnlyForDeploymentPostprocessing = 0;
		};
/* End PBXFrameworksBuildPhase section */

/* Begin PBXGroup section */
		09019C821C1A1C33004D0A5D = {
			isa = PBXGroup;
			children = (
				09019C8D1C1A1C33004D0A5D /* MMNumberKeyboard */,
				09019C8C1C1A1C33004D0A5D /* Products */,
			);
			sourceTree = "<group>";
		};
		09019C8C1C1A1C33004D0A5D /* Products */ = {
			isa = PBXGroup;
			children = (
				09019C8B1C1A1C33004D0A5D /* MMNumberKeyboard.app */,
			);
			name = Products;
			sourceTree = "<group>";
		};
		09019C8D1C1A1C33004D0A5D /* MMNumberKeyboard */ = {
			isa = PBXGroup;
			children = (
				09019C911C1A1C33004D0A5D /* AppDelegate.h */,
				09019C921C1A1C33004D0A5D /* AppDelegate.m */,
				09019C941C1A1C33004D0A5D /* ViewController.h */,
				09019C951C1A1C33004D0A5D /* ViewController.m */,
				09019C971C1A1C33004D0A5D /* Main.storyboard */,
				09019C9A1C1A1C33004D0A5D /* Assets.xcassets */,
				09019C9C1C1A1C33004D0A5D /* LaunchScreen.storyboard */,
				09019C9F1C1A1C33004D0A5D /* Info.plist */,
				09019C8E1C1A1C33004D0A5D /* Supporting Files */,
			);
			path = MMNumberKeyboard;
			sourceTree = "<group>";
		};
		09019C8E1C1A1C33004D0A5D /* Supporting Files */ = {
			isa = PBXGroup;
			children = (
				09019C8F1C1A1C33004D0A5D /* main.m */,
			);
			name = "Supporting Files";
			sourceTree = "<group>";
		};
/* End PBXGroup section */

/* Begin PBXNativeTarget section */
		09019C8A1C1A1C33004D0A5D /* MMNumberKeyboard */ = {
			isa = PBXNativeTarget;
			buildConfigurationList = 09019CA21C1A1C33004D0A5D /* Build configuration list for PBXNativeTarget "MMNumberKeyboard" */;
			buildPhases = (
				09019C871C1A1C33004D0A5D /* Sources */,
				09019C881C1A1C33004D0A5D /* Frameworks */,
				09019C891C1A1C33004D0A5D /* Resources */,
			);
			buildRules = (
			);
			dependencies = (
			);
			name = MMNumberKeyboard;
			productName = MMNumberKeyboard;
			productReference = 09019C8B1C1A1C33004D0A5D /* MMNumberKeyboard.app */;
			productType = "com.apple.product-type.application";
		};
/* End PBXNativeTarget section */

/* Begin PBXProject section */
		09019C831C1A1C33004D0A5D /* Project object */ = {
			isa = PBXProject;
			attributes = {
				LastUpgradeCheck = 0710;
				ORGANIZATIONNAME = "Matías Martínez";
				TargetAttributes = {
					09019C8A1C1A1C33004D0A5D = {
						CreatedOnToolsVersion = 7.1.1;
					};
				};
			};
			buildConfigurationList = 09019C861C1A1C33004D0A5D /* Build configuration list for PBXProject "MMNumberKeyboard" */;
			compatibilityVersion = "Xcode 3.2";
			developmentRegion = English;
			hasScannedForEncodings = 0;
			knownRegions = (
				en,
				Base,
			);
			mainGroup = 09019C821C1A1C33004D0A5D;
			productRefGroup = 09019C8C1C1A1C33004D0A5D /* Products */;
			projectDirPath = "";
			projectRoot = "";
			targets = (
				09019C8A1C1A1C33004D0A5D /* MMNumberKeyboard */,
			);
		};
/* End PBXProject section */

/* Begin PBXResourcesBuildPhase section */
		09019C891C1A1C33004D0A5D /* Resources */ = {
			isa = PBXResourcesBuildPhase;
			buildActionMask = 2147483647;
			files = (
				09019C9E1C1A1C33004D0A5D /* LaunchScreen.storyboard in Resources */,
				09019C9B1C1A1C33004D0A5D /* Assets.xcassets in Resources */,
				09019C991C1A1C33004D0A5D /* Main.storyboard in Resources */,
			);
			runOnlyForDeploymentPostprocessing = 0;
		};
/* End PBXResourcesBuildPhase section */

/* Begin PBXSourcesBuildPhase section */
		09019C871C1A1C33004D0A5D /* Sources */ = {
			isa = PBXSourcesBuildPhase;
			buildActionMask = 2147483647;
			files = (
				09019C961C1A1C33004D0A5D /* ViewController.m in Sources */,
				09019C931C1A1C33004D0A5D /* AppDelegate.m in Sources */,
				09019C901C1A1C33004D0A5D /* main.m in Sources */,
			);
			runOnlyForDeploymentPostprocessing = 0;
		};
/* End PBXSourcesBuildPhase section */

/* Begin PBXVariantGroup section */
		09019C971C1A1C33004D0A5D /* Main.storyboard */ = {
			isa = PBXVariantGroup;
			children = (
				09019C981C1A1C33004D0A5D /* Base */,
			);
			name = Main.storyboard;
			sourceTree = "<group>";
		};
		09019C9C1C1A1C33004D0A5D /* LaunchScreen.storyboard */ = {
			isa = PBXVariantGroup;
			children = (
				09019C9D1C1A1C33004D0A5D /* Base */,
			);
			name = LaunchScreen.storyboard;
			sourceTree = "<group>";
		};
/* End PBXVariantGroup section */

/* Begin XCBuildConfiguration section */
		09019CA01C1A1C33004D0A5D /* Debug */ = {
			isa = XCBuildConfiguration;
			buildSettings = {
				ALWAYS_SEARCH_USER_PATHS = NO;
				CLANG_CXX_LANGUAGE_STANDARD = "gnu++0x";
				CLANG_CXX_LIBRARY = "libc++";
				CLANG_ENABLE_MODULES = YES;
				CLANG_ENABLE_OBJC_ARC = YES;
				CLANG_WARN_BOOL_CONVERSION = YES;
				CLANG_WARN_CONSTANT_CONVERSION = YES;
				CLANG_WARN_DIRECT_OBJC_ISA_USAGE = YES_ERROR;
				CLANG_WARN_EMPTY_BODY = YES;
				CLANG_WARN_ENUM_CONVERSION = YES;
				CLANG_WARN_INT_CONVERSION = YES;
				CLANG_WARN_OBJC_ROOT_CLASS = YES_ERROR;
				CLANG_WARN_UNREACHABLE_CODE = YES;
				CLANG_WARN__DUPLICATE_METHOD_MATCH = YES;
				"CODE_SIGN_IDENTITY[sdk=iphoneos*]" = "iPhone Developer";
				COPY_PHASE_STRIP = NO;
				DEBUG_INFORMATION_FORMAT = dwarf;
				ENABLE_STRICT_OBJC_MSGSEND = YES;
				ENABLE_TESTABILITY = YES;
				GCC_C_LANGUAGE_STANDARD = gnu99;
				GCC_DYNAMIC_NO_PIC = NO;
				GCC_NO_COMMON_BLOCKS = YES;
				GCC_OPTIMIZATION_LEVEL = 0;
				GCC_PREPROCESSOR_DEFINITIONS = (
					"DEBUG=1",
					"$(inherited)",
				);
				GCC_WARN_64_TO_32_BIT_CONVERSION = YES;
				GCC_WARN_ABOUT_RETURN_TYPE = YES_ERROR;
				GCC_WARN_UNDECLARED_SELECTOR = YES;
				GCC_WARN_UNINITIALIZED_AUTOS = YES_AGGRESSIVE;
				GCC_WARN_UNUSED_FUNCTION = YES;
				GCC_WARN_UNUSED_VARIABLE = YES;
				IPHONEOS_DEPLOYMENT_TARGET = 9.1;
				MTL_ENABLE_DEBUG_INFO = YES;
				ONLY_ACTIVE_ARCH = YES;
				SDKROOT = iphoneos;
				TARGETED_DEVICE_FAMILY = "1,2";
			};
			name = Debug;
		};
		09019CA11C1A1C33004D0A5D /* Release */ = {
			isa = XCBuildConfiguration;
			buildSettings = {
				ALWAYS_SEARCH_USER_PATHS = NO;
				CLANG_CXX_LANGUAGE_STANDARD = "gnu++0x";
				CLANG_CXX_LIBRARY = "libc++";
				CLANG_ENABLE_MODULES = YES;
				CLANG_ENABLE_OBJC_ARC = YES;
				CLANG_WARN_BOOL_CONVERSION = YES;
				CLANG_WARN_CONSTANT_CONVERSION = YES;
				CLANG_WARN_DIRECT_OBJC_ISA_USAGE = YES_ERROR;
				CLANG_WARN_EMPTY_BODY = YES;
				CLANG_WARN_ENUM_CONVERSION = YES;
				CLANG_WARN_INT_CONVERSION = YES;
				CLANG_WARN_OBJC_ROOT_CLASS = YES_ERROR;
				CLANG_WARN_UNREACHABLE_CODE = YES;
				CLANG_WARN__DUPLICATE_METHOD_MATCH = YES;
				"CODE_SIGN_IDENTITY[sdk=iphoneos*]" = "iPhone Developer";
				COPY_PHASE_STRIP = NO;
				DEBUG_INFORMATION_FORMAT = "dwarf-with-dsym";
				ENABLE_NS_ASSERTIONS = NO;
				ENABLE_STRICT_OBJC_MSGSEND = YES;
				GCC_C_LANGUAGE_STANDARD = gnu99;
				GCC_NO_COMMON_BLOCKS = YES;
				GCC_WARN_64_TO_32_BIT_CONVERSION = YES;
				GCC_WARN_ABOUT_RETURN_TYPE = YES_ERROR;
				GCC_WARN_UNDECLARED_SELECTOR = YES;
				GCC_WARN_UNINITIALIZED_AUTOS = YES_AGGRESSIVE;
				GCC_WARN_UNUSED_FUNCTION = YES;
				GCC_WARN_UNUSED_VARIABLE = YES;
				IPHONEOS_DEPLOYMENT_TARGET = 9.1;
				MTL_ENABLE_DEBUG_INFO = NO;
				SDKROOT = iphoneos;
				TARGETED_DEVICE_FAMILY = "1,2";
				VALIDATE_PRODUCT = YES;
			};
			name = Release;
		};
		09019CA31C1A1C33004D0A5D /* Debug */ = {
			isa = XCBuildConfiguration;
			buildSettings = {
				ASSETCATALOG_COMPILER_APPICON_NAME = AppIcon;
				INFOPLIST_FILE = MMNumberKeyboard/Info.plist;
				LD_RUNPATH_SEARCH_PATHS = "$(inherited) @executable_path/Frameworks";
				PRODUCT_BUNDLE_IDENTIFIER = net.MatMartinez.MMNumberKeyboard;
				PRODUCT_NAME = "$(TARGET_NAME)";
			};
			name = Debug;
		};
		09019CA41C1A1C33004D0A5D /* Release */ = {
			isa = XCBuildConfiguration;
			buildSettings = {
				ASSETCATALOG_COMPILER_APPICON_NAME = AppIcon;
				INFOPLIST_FILE = MMNumberKeyboard/Info.plist;
				LD_RUNPATH_SEARCH_PATHS = "$(inherited) @executable_path/Frameworks";
				PRODUCT_BUNDLE_IDENTIFIER = net.MatMartinez.MMNumberKeyboard;
				PRODUCT_NAME = "$(TARGET_NAME)";
			};
			name = Release;
		};
/* End XCBuildConfiguration section */

/* Begin XCConfigurationList section */
		09019C861C1A1C33004D0A5D /* Build configuration list for PBXProject "MMNumberKeyboard" */ = {
			isa = XCConfigurationList;
			buildConfigurations = (
				09019CA01C1A1C33004D0A5D /* Debug */,
				09019CA11C1A1C33004D0A5D /* Release */,
			);
			defaultConfigurationIsVisible = 0;
			defaultConfigurationName = Release;
		};
		09019CA21C1A1C33004D0A5D /* Build configuration list for PBXNativeTarget "MMNumberKeyboard" */ = {
			isa = XCConfigurationList;
			buildConfigurations = (
				09019CA31C1A1C33004D0A5D /* Debug */,
				09019CA41C1A1C33004D0A5D /* Release */,
			);
			defaultConfigurationIsVisible = 0;
		};
/* End XCConfigurationList section */
	};
	rootObject = 09019C831C1A1C33004D0A5D /* Project object */;
}
